
Microsoft Visual Studio Solution File, Format Version 12.00
# Visual Studio Version 17
VisualStudioVersion = 17.14.37411.7 d17.14
MinimumVisualStudioVersion = 10.0.40219.1
Project("{FAE04EC0-301F-11D3-BF4B-00C04F79EFBC}") = "ASCIIPlayer", "ASCIIPlayer\ASCIIPlayer.csproj", "{1CCDCEB0-D1FA-4306-BD21-2E19FB3E7949}"
EndProject
Global
	GlobalSection(SolutionConfigurationPlatforms) = preSolution
		Debug|Any CPU = Debug|Any CPU
		Release|Any CPU = Release|Any CPU
	EndGlobalSection
	GlobalSection(ProjectConfigurationPlatforms) = postSolution
		{1CCDCEB0-D1FA-4306-BD21-2E19FB3E7949}.Debug|Any CPU.ActiveCfg = Debug|Any CPU
		{1CCDCEB0-D1FA-4306-BD21-2E19FB3E7949}.Debug|Any CPU.Build.0 = Debug|Any CPU
		{1CCDCEB0-D1FA-4306-BD21-2E19FB3E7949}.Release|Any CPU.ActiveCfg = Release|Any CPU
		{1CCDCEB0-D1FA-4306-BD21-2E19FB3E7949}.Release|Any CPU.Build.0 = Release|Any CPU
	EndGlobalSection
	GlobalSection(SolutionProperties) = preSolution
		HideSolutionNode = FALSE
	EndGlobalSection
	GlobalSection(ExtensibilityGlobals) = postSolution
		SolutionGuid = {04B341F7-B529-49F5-B09B-65E34C48E242}
	EndGlobalSection
EndGlobal
